// !$*UTF8*$!
{
	archiveVersion = 1;
	classes = {
	};
	objectVersion = 46;
	objects = {

/* Begin PBXBuildFile section */
		1481B63917B7FE7200EA9DA4 /* UIKit.framework in Frameworks */ = {isa = PBXBuildFile; fileRef = 1481B63817B7FE7200EA9DA4 /* UIKit.framework */; };
		1481B63B17B7FE7200EA9DA4 /* Foundation.framework in Frameworks */ = {isa = PBXBuildFile; fileRef = 1481B63A17B7FE7200EA9DA4 /* Foundation.framework */; };
		1481B63D17B7FE7200EA9DA4 /* CoreGraphics.framework in Frameworks */ = {isa = PBXBuildFile; fileRef = 1481B63C17B7FE7200EA9DA4 /* CoreGraphics.framework */; };
		1481B64317B7FE7200EA9DA4 /* InfoPlist.strings in Resources */ = {isa = PBXBuildFile; fileRef = 1481B64117B7FE7200EA9DA4 /* InfoPlist.strings */; };
		1481B64517B7FE7200EA9DA4 /* main.m in Sources */ = {isa = PBXBuildFile; fileRef = 1481B64417B7FE7200EA9DA4 /* main.m */; };
		1481B64917B7FE7200EA9DA4 /* AppDelegate.m in Sources */ = {isa = PBXBuildFile; fileRef = 1481B64817B7FE7200EA9DA4 /* AppDelegate.m */; };
		1481B65717B7FE7300EA9DA4 /* SenTestingKit.framework in Frameworks */ = {isa = PBXBuildFile; fileRef = 1481B65617B7FE7300EA9DA4 /* SenTestingKit.framework */; };
		1481B65817B7FE7300EA9DA4 /* UIKit.framework in Frameworks */ = {isa = PBXBuildFile; fileRef = 1481B63817B7FE7200EA9DA4 /* UIKit.framework */; };
		1481B65917B7FE7300EA9DA4 /* Foundation.framework in Frameworks */ = {isa = PBXBuildFile; fileRef = 1481B63A17B7FE7200EA9DA4 /* Foundation.framework */; };
		1481B66117B7FE7300EA9DA4 /* InfoPlist.strings in Resources */ = {isa = PBXBuildFile; fileRef = 1481B65F17B7FE7300EA9DA4 /* InfoPlist.strings */; };
		1481B66417B7FE7300EA9DA4 /* VerbalExpressionsTests.m in Sources */ = {isa = PBXBuildFile; fileRef = 1481B66317B7FE7300EA9DA4 /* VerbalExpressionsTests.m */; };
		1481B6BE17B8127400EA9DA4 /* Default.png in Resources */ = {isa = PBXBuildFile; fileRef = 1481B6BB17B8127400EA9DA4 /* Default.png */; };
		1481B6BF17B8127400EA9DA4 /* Default@2x.png in Resources */ = {isa = PBXBuildFile; fileRef = 1481B6BC17B8127400EA9DA4 /* Default@2x.png */; };
		1481B6C017B8127400EA9DA4 /* Default-568h@2x.png in Resources */ = {isa = PBXBuildFile; fileRef = 1481B6BD17B8127400EA9DA4 /* Default-568h@2x.png */; };
		1481B6C317B8AEDA00EA9DA4 /* VerbalExpressions.m in Sources */ = {isa = PBXBuildFile; fileRef = 1481B6C217B8AEDA00EA9DA4 /* VerbalExpressions.m */; };
		1481B6C417B8AEDA00EA9DA4 /* VerbalExpressions.m in Sources */ = {isa = PBXBuildFile; fileRef = 1481B6C217B8AEDA00EA9DA4 /* VerbalExpressions.m */; };
/* End PBXBuildFile section */

/* Begin PBXContainerItemProxy section */
		1481B65A17B7FE7300EA9DA4 /* PBXContainerItemProxy */ = {
			isa = PBXContainerItemProxy;
			containerPortal = 1481B62D17B7FE7200EA9DA4 /* Project object */;
			proxyType = 1;
			remoteGlobalIDString = 1481B63417B7FE7200EA9DA4;
			remoteInfo = VerbalExpressions;
		};
/* End PBXContainerItemProxy section */

/* Begin PBXFileReference section */
		1481B63517B7FE7200EA9DA4 /* VerbalExpressions.app */ = {isa = PBXFileReference; explicitFileType = wrapper.application; includeInIndex = 0; path = VerbalExpressions.app; sourceTree = BUILT_PRODUCTS_DIR; };
		1481B63817B7FE7200EA9DA4 /* UIKit.framework */ = {isa = PBXFileReference; lastKnownFileType = wrapper.framework; name = UIKit.framework; path = System/Library/Frameworks/UIKit.framework; sourceTree = SDKROOT; };
		1481B63A17B7FE7200EA9DA4 /* Foundation.framework */ = {isa = PBXFileReference; lastKnownFileType = wrapper.framework; name = Foundation.framework; path = System/Library/Frameworks/Foundation.framework; sourceTree = SDKROOT; };
		1481B63C17B7FE7200EA9DA4 /* CoreGraphics.framework */ = {isa = PBXFileReference; lastKnownFileType = wrapper.framework; name = CoreGraphics.framework; path = System/Library/Frameworks/CoreGraphics.framework; sourceTree = SDKROOT; };
		1481B64017B7FE7200EA9DA4 /* VerbalExpressions-Info.plist */ = {isa = PBXFileReference; lastKnownFileType = text.plist.xml; path = "VerbalExpressions-Info.plist"; sourceTree = "<group>"; };
		1481B64217B7FE7200EA9DA4 /* en */ = {isa = PBXFileReference; lastKnownFileType = text.plist.strings; name = en; path = en.lproj/InfoPlist.strings; sourceTree = "<group>"; };
		1481B64417B7FE7200EA9DA4 /* main.m */ = {isa = PBXFileReference; lastKnownFileType = sourcecode.c.objc; path = main.m; sourceTree = "<group>"; };
		1481B64617B7FE7200EA9DA4 /* VerbalExpressions-Prefix.pch */ = {isa = PBXFileReference; lastKnownFileType = sourcecode.c.h; path = "VerbalExpressions-Prefix.pch"; sourceTree = "<group>"; };
		1481B64717B7FE7200EA9DA4 /* AppDelegate.h */ = {isa = PBXFileReference; lastKnownFileType = sourcecode.c.h; path = AppDelegate.h; sourceTree = "<group>"; };
		1481B64817B7FE7200EA9DA4 /* AppDelegate.m */ = {isa = PBXFileReference; lastKnownFileType = sourcecode.c.objc; path = AppDelegate.m; sourceTree = "<group>"; };
		1481B65517B7FE7300EA9DA4 /* VerbalExpressionsTests.octest */ = {isa = PBXFileReference; explicitFileType = wrapper.cfbundle; includeInIndex = 0; path = VerbalExpressionsTests.octest; sourceTree = BUILT_PRODUCTS_DIR; };
		1481B65617B7FE7300EA9DA4 /* SenTestingKit.framework */ = {isa = PBXFileReference; lastKnownFileType = wrapper.framework; name = SenTestingKit.framework; path = Library/Frameworks/SenTestingKit.framework; sourceTree = DEVELOPER_DIR; };
		1481B65E17B7FE7300EA9DA4 /* VerbalExpressionsTests-Info.plist */ = {isa = PBXFileReference; lastKnownFileType = text.plist.xml; path = "VerbalExpressionsTests-Info.plist"; sourceTree = "<group>"; };
		1481B66017B7FE7300EA9DA4 /* en */ = {isa = PBXFileReference; lastKnownFileType = text.plist.strings; name = en; path = en.lproj/InfoPlist.strings; sourceTree = "<group>"; };
		1481B66217B7FE7300EA9DA4 /* VerbalExpressionsTests.h */ = {isa = PBXFileReference; lastKnownFileType = sourcecode.c.h; path = VerbalExpressionsTests.h; sourceTree = "<group>"; };
		1481B66317B7FE7300EA9DA4 /* VerbalExpressionsTests.m */ = {isa = PBXFileReference; lastKnownFileType = sourcecode.c.objc; path = VerbalExpressionsTests.m; sourceTree = "<group>"; };
		1481B6BB17B8127400EA9DA4 /* Default.png */ = {isa = PBXFileReference; lastKnownFileType = image.png; path = Default.png; sourceTree = "<group>"; };
		1481B6BC17B8127400EA9DA4 /* Default@2x.png */ = {isa = PBXFileReference; lastKnownFileType = image.png; path = "Default@2x.png"; sourceTree = "<group>"; };
		1481B6BD17B8127400EA9DA4 /* Default-568h@2x.png */ = {isa = PBXFileReference; lastKnownFileType = image.png; path = "Default-568h@2x.png"; sourceTree = "<group>"; };
		1481B6C117B8AEDA00EA9DA4 /* VerbalExpressions.h */ = {isa = PBXFileReference; fileEncoding = 4; lastKnownFileType = sourcecode.c.h; name = VerbalExpressions.h; path = Lib/VerbalExpressions.h; sourceTree = SOURCE_ROOT; };
		1481B6C217B8AEDA00EA9DA4 /* VerbalExpressions.m */ = {isa = PBXFileReference; fileEncoding = 4; lastKnownFileType = sourcecode.c.objc; name = VerbalExpressions.m; path = Lib/VerbalExpressions.m; sourceTree = SOURCE_ROOT; };
/* End PBXFileReference section */

/* Begin PBXFrameworksBuildPhase section */
		1481B63217B7FE7200EA9DA4 /* Frameworks */ = {
			isa = PBXFrameworksBuildPhase;
			buildActionMask = 2147483647;
			files = (
				1481B63917B7FE7200EA9DA4 /* UIKit.framework in Frameworks */,
				1481B63B17B7FE7200EA9DA4 /* Foundation.framework in Frameworks */,
				1481B63D17B7FE7200EA9DA4 /* CoreGraphics.framework in Frameworks */,
			);
			runOnlyForDeploymentPostprocessing = 0;
		};
		1481B65117B7FE7300EA9DA4 /* Frameworks */ = {
			isa = PBXFrameworksBuildPhase;
			buildActionMask = 2147483647;
			files = (
				1481B65717B7FE7300EA9DA4 /* SenTestingKit.framework in Frameworks */,
				1481B65817B7FE7300EA9DA4 /* UIKit.framework in Frameworks */,
				1481B65917B7FE7300EA9DA4 /* Foundation.framework in Frameworks */,
			);
			runOnlyForDeploymentPostprocessing = 0;
		};
/* End PBXFrameworksBuildPhase section */

/* Begin PBXGroup section */
		1481B62C17B7FE7200EA9DA4 = {
			isa = PBXGroup;
			children = (
				1481B63E17B7FE7200EA9DA4 /* VerbalExpressions */,
				1481B65C17B7FE7300EA9DA4 /* VerbalExpressionsTests */,
				1481B63717B7FE7200EA9DA4 /* Frameworks */,
				1481B63617B7FE7200EA9DA4 /* Products */,
			);
			sourceTree = "<group>";
		};
		1481B63617B7FE7200EA9DA4 /* Products */ = {
			isa = PBXGroup;
			children = (
				1481B63517B7FE7200EA9DA4 /* VerbalExpressions.app */,
				1481B65517B7FE7300EA9DA4 /* VerbalExpressionsTests.octest */,
			);
			name = Products;
			sourceTree = "<group>";
		};
		1481B63717B7FE7200EA9DA4 /* Frameworks */ = {
			isa = PBXGroup;
			children = (
				1481B63817B7FE7200EA9DA4 /* UIKit.framework */,
				1481B63A17B7FE7200EA9DA4 /* Foundation.framework */,
				1481B63C17B7FE7200EA9DA4 /* CoreGraphics.framework */,
				1481B65617B7FE7300EA9DA4 /* SenTestingKit.framework */,
			);
			name = Frameworks;
			sourceTree = "<group>";
		};
		1481B63E17B7FE7200EA9DA4 /* VerbalExpressions */ = {
			isa = PBXGroup;
			children = (
				1481B6C517B8AEDF00EA9DA4 /* Lib */,
				1481B6C617B8AEEF00EA9DA4 /* Sample */,
				1481B63F17B7FE7200EA9DA4 /* Supporting Files */,
			);
			path = VerbalExpressions;
			sourceTree = "<group>";
		};
		1481B63F17B7FE7200EA9DA4 /* Supporting Files */ = {
			isa = PBXGroup;
			children = (
				1481B64017B7FE7200EA9DA4 /* VerbalExpressions-Info.plist */,
				1481B64117B7FE7200EA9DA4 /* InfoPlist.strings */,
				1481B64417B7FE7200EA9DA4 /* main.m */,
				1481B64617B7FE7200EA9DA4 /* VerbalExpressions-Prefix.pch */,
				1481B6BB17B8127400EA9DA4 /* Default.png */,
				1481B6BC17B8127400EA9DA4 /* Default@2x.png */,
				1481B6BD17B8127400EA9DA4 /* Default-568h@2x.png */,
			);
			name = "Supporting Files";
			sourceTree = "<group>";
		};
		1481B65C17B7FE7300EA9DA4 /* VerbalExpressionsTests */ = {
			isa = PBXGroup;
			children = (
				1481B66217B7FE7300EA9DA4 /* VerbalExpressionsTests.h */,
				1481B66317B7FE7300EA9DA4 /* VerbalExpressionsTests.m */,
				1481B65D17B7FE7300EA9DA4 /* Supporting Files */,
			);
			path = VerbalExpressionsTests;
			sourceTree = "<group>";
		};
		1481B65D17B7FE7300EA9DA4 /* Supporting Files */ = {
			isa = PBXGroup;
			children = (
				1481B65E17B7FE7300EA9DA4 /* VerbalExpressionsTests-Info.plist */,
				1481B65F17B7FE7300EA9DA4 /* InfoPlist.strings */,
			);
			name = "Supporting Files";
			sourceTree = "<group>";
		};
		1481B6C517B8AEDF00EA9DA4 /* Lib */ = {
			isa = PBXGroup;
			children = (
				1481B6C117B8AEDA00EA9DA4 /* VerbalExpressions.h */,
				1481B6C217B8AEDA00EA9DA4 /* VerbalExpressions.m */,
			);
			name = Lib;
			sourceTree = "<group>";
		};
		1481B6C617B8AEEF00EA9DA4 /* Sample */ = {
			isa = PBXGroup;
			children = (
				1481B64717B7FE7200EA9DA4 /* AppDelegate.h */,
				1481B64817B7FE7200EA9DA4 /* AppDelegate.m */,
			);
			name = Sample;
			sourceTree = "<group>";
		};
/* End PBXGroup section */

/* Begin PBXNativeTarget section */
		1481B63417B7FE7200EA9DA4 /* VerbalExpressions */ = {
			isa = PBXNativeTarget;
			buildConfigurationList = 1481B66717B7FE7300EA9DA4 /* Build configuration list for PBXNativeTarget "VerbalExpressions" */;
			buildPhases = (
				1481B63117B7FE7200EA9DA4 /* Sources */,
				1481B63217B7FE7200EA9DA4 /* Frameworks */,
				1481B63317B7FE7200EA9DA4 /* Resources */,
			);
			buildRules = (
			);
			dependencies = (
			);
			name = VerbalExpressions;
			productName = VerbalExpressions;
			productReference = 1481B63517B7FE7200EA9DA4 /* VerbalExpressions.app */;
			productType = "com.apple.product-type.application";
		};
		1481B65417B7FE7300EA9DA4 /* VerbalExpressionsTests */ = {
			isa = PBXNativeTarget;
			buildConfigurationList = 1481B66A17B7FE7300EA9DA4 /* Build configuration list for PBXNativeTarget "VerbalExpressionsTests" */;
			buildPhases = (
				1481B65017B7FE7300EA9DA4 /* Sources */,
				1481B65117B7FE7300EA9DA4 /* Frameworks */,
				1481B65217B7FE7300EA9DA4 /* Resources */,
				1481B65317B7FE7300EA9DA4 /* ShellScript */,
			);
			buildRules = (
			);
			dependencies = (
				1481B65B17B7FE7300EA9DA4 /* PBXTargetDependency */,
			);
			name = VerbalExpressionsTests;
			productName = VerbalExpressionsTests;
			productReference = 1481B65517B7FE7300EA9DA4 /* VerbalExpressionsTests.octest */;
			productType = "com.apple.product-type.bundle";
		};
/* End PBXNativeTarget section */

/* Begin PBXProject section */
		1481B62D17B7FE7200EA9DA4 /* Project object */ = {
			isa = PBXProject;
			attributes = {
				LastUpgradeCheck = 0460;
				ORGANIZATIONNAME = "kishikawa katsumi";
			};
			buildConfigurationList = 1481B63017B7FE7200EA9DA4 /* Build configuration list for PBXProject "VerbalExpressions" */;
			compatibilityVersion = "Xcode 3.2";
			developmentRegion = English;
			hasScannedForEncodings = 0;
			knownRegions = (
				en,
			);
			mainGroup = 1481B62C17B7FE7200EA9DA4;
			productRefGroup = 1481B63617B7FE7200EA9DA4 /* Products */;
			projectDirPath = "";
			projectRoot = "";
			targets = (
				1481B63417B7FE7200EA9DA4 /* VerbalExpressions */,
				1481B65417B7FE7300EA9DA4 /* VerbalExpressionsTests */,
			);
		};
/* End PBXProject section */

/* Begin PBXResourcesBuildPhase section */
		1481B63317B7FE7200EA9DA4 /* Resources */ = {
			isa = PBXResourcesBuildPhase;
			buildActionMask = 2147483647;
			files = (
				1481B64317B7FE7200EA9DA4 /* InfoPlist.strings in Resources */,
				1481B6BE17B8127400EA9DA4 /* Default.png in Resources */,
				1481B6BF17B8127400EA9DA4 /* Default@2x.png in Resources */,
				1481B6C017B8127400EA9DA4 /* Default-568h@2x.png in Resources */,
			);
			runOnlyForDeploymentPostprocessing = 0;
		};
		1481B65217B7FE7300EA9DA4 /* Resources */ = {
			isa = PBXResourcesBuildPhase;
			buildActionMask = 2147483647;
			files = (
				1481B66117B7FE7300EA9DA4 /* InfoPlist.strings in Resources */,
			);
			runOnlyForDeploymentPostprocessing = 0;
		};
/* End PBXResourcesBuildPhase section */

/* Begin PBXShellScriptBuildPhase section */
		1481B65317B7FE7300EA9DA4 /* ShellScript */ = {
			isa = PBXShellScriptBuildPhase;
			buildActionMask = 2147483647;
			files = (
			);
			inputPaths = (
			);
			outputPaths = (
			);
			runOnlyForDeploymentPostprocessing = 0;
			shellPath = /bin/sh;
			shellScript = "# Run the unit tests in this test bundle.\n\"${SYSTEM_DEVELOPER_DIR}/Tools/RunUnitTests\"\n";
		};
/* End PBXShellScriptBuildPhase section */

/* Begin PBXSourcesBuildPhase section */
		1481B63117B7FE7200EA9DA4 /* Sources */ = {
			isa = PBXSourcesBuildPhase;
			buildActionMask = 2147483647;
			files = (
				1481B64517B7FE7200EA9DA4 /* main.m in Sources */,
				1481B64917B7FE7200EA9DA4 /* AppDelegate.m in Sources */,
				1481B6C317B8AEDA00EA9DA4 /* VerbalExpressions.m in Sources */,
			);
			runOnlyForDeploymentPostprocessing = 0;
		};
		1481B65017B7FE7300EA9DA4 /* Sources */ = {
			isa = PBXSourcesBuildPhase;
			buildActionMask = 2147483647;
			files = (
				1481B6C417B8AEDA00EA9DA4 /* VerbalExpressions.m in Sources */,
				1481B66417B7FE7300EA9DA4 /* VerbalExpressionsTests.m in Sources */,
			);
			runOnlyForDeploymentPostprocessing = 0;
		};
/* End PBXSourcesBuildPhase section */

/* Begin PBXTargetDependency section */
		1481B65B17B7FE7300EA9DA4 /* PBXTargetDependency */ = {
			isa = PBXTargetDependency;
			target = 1481B63417B7FE7200EA9DA4 /* VerbalExpressions */;
			targetProxy = 1481B65A17B7FE7300EA9DA4 /* PBXContainerItemProxy */;
		};
/* End PBXTargetDependency section */

/* Begin PBXVariantGroup section */
		1481B64117B7FE7200EA9DA4 /* InfoPlist.strings */ = {
			isa = PBXVariantGroup;
			children = (
				1481B64217B7FE7200EA9DA4 /* en */,
			);
			name = InfoPlist.strings;
			sourceTree = "<group>";
		};
		1481B65F17B7FE7300EA9DA4 /* InfoPlist.strings */ = {
			isa = PBXVariantGroup;
			children = (
				1481B66017B7FE7300EA9DA4 /* en */,
			);
			name = InfoPlist.strings;
			sourceTree = "<group>";
		};
/* End PBXVariantGroup section */

/* Begin XCBuildConfiguration section */
		1481B66517B7FE7300EA9DA4 /* Debug */ = {
			isa = XCBuildConfiguration;
			buildSettings = {
				ALWAYS_SEARCH_USER_PATHS = NO;
				CLANG_CXX_LANGUAGE_STANDARD = "gnu++0x";
				CLANG_CXX_LIBRARY = "libc++";
				CLANG_ENABLE_OBJC_ARC = YES;
				CLANG_WARN_CONSTANT_CONVERSION = YES;
				CLANG_WARN_EMPTY_BODY = YES;
				CLANG_WARN_ENUM_CONVERSION = YES;
				CLANG_WARN_INT_CONVERSION = YES;
				CLANG_WARN__DUPLICATE_METHOD_MATCH = YES;
				"CODE_SIGN_IDENTITY[sdk=iphoneos*]" = "iPhone Developer";
				COPY_PHASE_STRIP = NO;
				GCC_C_LANGUAGE_STANDARD = gnu99;
				GCC_DYNAMIC_NO_PIC = NO;
				GCC_OPTIMIZATION_LEVEL = 0;
				GCC_PREPROCESSOR_DEFINITIONS = (
					"DEBUG=1",
					"$(inherited)",
				);
				GCC_SYMBOLS_PRIVATE_EXTERN = NO;
				GCC_WARN_ABOUT_RETURN_TYPE = YES;
				GCC_WARN_UNINITIALIZED_AUTOS = YES;
				GCC_WARN_UNUSED_VARIABLE = YES;
				IPHONEOS_DEPLOYMENT_TARGET = 5.0;
				ONLY_ACTIVE_ARCH = YES;
				SDKROOT = iphoneos;
			};
			name = Debug;
		};
		1481B66617B7FE7300EA9DA4 /* Release */ = {
			isa = XCBuildConfiguration;
			buildSettings = {
				ALWAYS_SEARCH_USER_PATHS = NO;
				CLANG_CXX_LANGUAGE_STANDARD = "gnu++0x";
				CLANG_CXX_LIBRARY = "libc++";
				CLANG_ENABLE_OBJC_ARC = YES;
				CLANG_WARN_CONSTANT_CONVERSION = YES;
				CLANG_WARN_EMPTY_BODY = YES;
				CLANG_WARN_ENUM_CONVERSION = YES;
				CLANG_WARN_INT_CONVERSION = YES;
				CLANG_WARN__DUPLICATE_METHOD_MATCH = YES;
				"CODE_SIGN_IDENTITY[sdk=iphoneos*]" = "iPhone Developer";
				COPY_PHASE_STRIP = YES;
				GCC_C_LANGUAGE_STANDARD = gnu99;
				GCC_WARN_ABOUT_RETURN_TYPE = YES;
				GCC_WARN_UNINITIALIZED_AUTOS = YES;
				GCC_WARN_UNUSED_VARIABLE = YES;
				IPHONEOS_DEPLOYMENT_TARGET = 5.0;
				OTHER_CFLAGS = "-DNS_BLOCK_ASSERTIONS=1";
				SDKROOT = iphoneos;
				VALIDATE_PRODUCT = YES;
			};
			name = Release;
		};
		1481B66817B7FE7300EA9DA4 /* Debug */ = {
			isa = XCBuildConfiguration;
			buildSettings = {
				GCC_PRECOMPILE_PREFIX_HEADER = YES;
				GCC_PREFIX_HEADER = "VerbalExpressions/VerbalExpressions-Prefix.pch";
				INFOPLIST_FILE = "VerbalExpressions/VerbalExpressions-Info.plist";
				PRODUCT_NAME = "$(TARGET_NAME)";
				WRAPPER_EXTENSION = app;
			};
			name = Debug;
		};
		1481B66917B7FE7300EA9DA4 /* Release */ = {
			isa = XCBuildConfiguration;
			buildSettings = {
				GCC_PRECOMPILE_PREFIX_HEADER = YES;
				GCC_PREFIX_HEADER = "VerbalExpressions/VerbalExpressions-Prefix.pch";
				INFOPLIST_FILE = "VerbalExpressions/VerbalExpressions-Info.plist";
				PRODUCT_NAME = "$(TARGET_NAME)";
				WRAPPER_EXTENSION = app;
			};
			name = Release;
		};
		1481B66B17B7FE7300EA9DA4 /* Debug */ = {
			isa = XCBuildConfiguration;
			buildSettings = {
				BUNDLE_LOADER = "$(BUILT_PRODUCTS_DIR)/VerbalExpressions.app/VerbalExpressions";
				FRAMEWORK_SEARCH_PATHS = (
					"\"$(SDKROOT)/Developer/Library/Frameworks\"",
					"\"$(DEVELOPER_LIBRARY_DIR)/Frameworks\"",
				);
				GCC_PRECOMPILE_PREFIX_HEADER = YES;
				GCC_PREFIX_HEADER = "VerbalExpressions/VerbalExpressions-Prefix.pch";
				INFOPLIST_FILE = "VerbalExpressionsTests/VerbalExpressionsTests-Info.plist";
				PRODUCT_NAME = "$(TARGET_NAME)";
				WRAPPER_EXTENSION = octest;
			};
			name = Debug;
		};
		1481B66C17B7FE7300EA9DA4 /* Release */ = {
			isa = XCBuildConfiguration;
			buildSettings = {
				BUNDLE_LOADER = "$(BUILT_PRODUCTS_DIR)/VerbalExpressions.app/VerbalExpressions";
				FRAMEWORK_SEARCH_PATHS = (
					"\"$(SDKROOT)/Developer/Library/Frameworks\"",
					"\"$(DEVELOPER_LIBRARY_DIR)/Frameworks\"",
				);
				GCC_PRECOMPILE_PREFIX_HEADER = YES;
				GCC_PREFIX_HEADER = "VerbalExpressions/VerbalExpressions-Prefix.pch";
				INFOPLIST_FILE = "VerbalExpressionsTests/VerbalExpressionsTests-Info.plist";
				PRODUCT_NAME = "$(TARGET_NAME)";
				WRAPPER_EXTENSION = octest;
			};
			name = Release;
		};
/* End XCBuildConfiguration section */

/* Begin XCConfigurationList section */
		1481B63017B7FE7200EA9DA4 /* Build configuration list for PBXProject "VerbalExpressions" */ = {
			isa = XCConfigurationList;
			buildConfigurations = (
				1481B66517B7FE7300EA9DA4 /* Debug */,
				1481B66617B7FE7300EA9DA4 /* Release */,
			);
			defaultConfigurationIsVisible = 0;
			defaultConfigurationName = Release;
		};
		1481B66717B7FE7300EA9DA4 /* Build configuration list for PBXNativeTarget "VerbalExpressions" */ = {
			isa = XCConfigurationList;
			buildConfigurations = (
				1481B66817B7FE7300EA9DA4 /* Debug */,
				1481B66917B7FE7300EA9DA4 /* Release */,
			);
			defaultConfigurationIsVisible = 0;
			defaultConfigurationName = Release;
		};
		1481B66A17B7FE7300EA9DA4 /* Build configuration list for PBXNativeTarget "VerbalExpressionsTests" */ = {
			isa = XCConfigurationList;
			buildConfigurations = (
				1481B66B17B7FE7300EA9DA4 /* Debug */,
				1481B66C17B7FE7300EA9DA4 /* Release */,
			);
			defaultConfigurationIsVisible = 0;
			defaultConfigurationName = Release;
		};
/* End XCConfigurationList section */
	};
	rootObject = 1481B62D17B7FE7200EA9DA4 /* Project object */;
}
